
Microsoft Visual Studio Solution File, Format Version 12.00
# Visual Studio Version 17
VisualStudioVersion = 17.14.36401.2 d17.14
MinimumVisualStudioVersion = 10.0.40219.1
Project("{FAE04EC0-301F-11D3-BF4B-00C04F79EFBC}") = "API_EoloTLSS_Execution", "API_EoloTLSS_Execution\API_EoloTLSS_Execution.csproj", "{EDB88CE1-E1CE-47F1-8D58-80DF81FD9A0D}"
EndProject
Global
	GlobalSection(SolutionConfigurationPlatforms) = preSolution
		Debug|Any CPU = Debug|Any CPU
		Release|Any CPU = Release|Any CPU
	EndGlobalSection
	GlobalSection(ProjectConfigurationPlatforms) = postSolution
		{EDB88CE1-E1CE-47F1-8D58-80DF81FD9A0D}.Debug|Any CPU.ActiveCfg = Debug|Any CPU
		{EDB88CE1-E1CE-47F1-8D58-80DF81FD9A0D}.Debug|Any CPU.Build.0 = Debug|Any CPU
		{EDB88CE1-E1CE-47F1-8D58-80DF81FD9A0D}.Release|Any CPU.ActiveCfg = Release|Any CPU
		{EDB88CE1-E1CE-47F1-8D58-80DF81FD9A0D}.Release|Any CPU.Build.0 = Release|Any CPU
	EndGlobalSection
	GlobalSection(SolutionProperties) = preSolution
		HideSolutionNode = FALSE
	EndGlobalSection
	GlobalSection(ExtensibilityGlobals) = postSolution
		SolutionGuid = {1CE98206-E1F7-4A7D-92FF-B987355AD9B9}
	EndGlobalSection
EndGlobal
